
Microsoft Visual Studio Solution File, Format Version 12.00
Project("{FAE04EC0-301F-11D3-BF4B-00C04F79EFBC}") = "StringExtension", "StringExtension\StringExtension.csproj", "{31297E06-C6AC-4A78-B54A-9F452E1916FE}"
EndProject
Global
	GlobalSection(SolutionConfigurationPlatforms) = preSolution
		Debug|Any CPU = Debug|Any CPU
		Release|Any CPU = Release|Any CPU
	EndGlobalSection
	GlobalSection(ProjectConfigurationPlatforms) = postSolution
		{31297E06-C6AC-4A78-B54A-9F452E1916FE}.Debug|Any CPU.ActiveCfg = Debug|Any CPU
		{31297E06-C6AC-4A78-B54A-9F452E1916FE}.Debug|Any CPU.Build.0 = Debug|Any CPU
		{31297E06-C6AC-4A78-B54A-9F452E1916FE}.Release|Any CPU.ActiveCfg = Release|Any CPU
		{31297E06-C6AC-4A78-B54A-9F452E1916FE}.Release|Any CPU.Build.0 = Release|Any CPU
	EndGlobalSection
EndGlobal
